
Microsoft Visual Studio Solution File, Format Version 12.00
# Visual Studio 15
VisualStudioVersion = 15.0.27130.2010
MinimumVisualStudioVersion = 10.0.40219.1
Project("{9A19103F-16F7-4668-BE54-9A1E7A4F7556}") = "NA.Kinjo.Api", "NA.Kinjo.Api\NA.Kinjo.Api.csproj", "{614E6F79-CBE5-4FBA-8693-371280E8467C}"
EndProject
Project("{9A19103F-16F7-4668-BE54-9A1E7A4F7556}") = "NA.Kinjo.DataAccess", "NA.Kinjo.DataAccess\NA.Kinjo.DataAccess.csproj", "{BECEC8A6-F114-4D8B-A95E-D43210D64913}"
EndProject
Project("{9A19103F-16F7-4668-BE54-9A1E7A4F7556}") = "NA.Kinjo.Entities", "NA.Kinjo.Entities\NA.Kinjo.Entities.csproj", "{42EACD99-C496-4016-9D37-B3E73D721FEC}"
EndProject
Project("{00D1A9C2-B5F0-4AF3-8072-F6C62B433612}") = "NA.Kinjo.Database", "NA.Kinjo.Database\NA.Kinjo.Database.sqlproj", "{A92280B1-6C6D-4BE2-9B18-B1828D3C23AE}"
EndProject
Project("{FAE04EC0-301F-11D3-BF4B-00C04F79EFBC}") = "NA.Kinjo.Web", "NA.Kinjo.Web\NA.Kinjo.Web.csproj", "{824945BA-1848-4EDD-9BD0-1E1A12B7D26D}"
EndProject
Global
	GlobalSection(SolutionConfigurationPlatforms) = preSolution
		Debug|Any CPU = Debug|Any CPU
		Release|Any CPU = Release|Any CPU
	EndGlobalSection
	GlobalSection(ProjectConfigurationPlatforms) = postSolution
		{614E6F79-CBE5-4FBA-8693-371280E8467C}.Debug|Any CPU.ActiveCfg = Debug|Any CPU
		{614E6F79-CBE5-4FBA-8693-371280E8467C}.Debug|Any CPU.Build.0 = Debug|Any CPU
		{614E6F79-CBE5-4FBA-8693-371280E8467C}.Release|Any CPU.ActiveCfg = Release|Any CPU
		{614E6F79-CBE5-4FBA-8693-371280E8467C}.Release|Any CPU.Build.0 = Release|Any CPU
		{BECEC8A6-F114-4D8B-A95E-D43210D64913}.Debug|Any CPU.ActiveCfg = Debug|Any CPU
		{BECEC8A6-F114-4D8B-A95E-D43210D64913}.Debug|Any CPU.Build.0 = Debug|Any CPU
		{BECEC8A6-F114-4D8B-A95E-D43210D64913}.Release|Any CPU.ActiveCfg = Release|Any CPU
		{BECEC8A6-F114-4D8B-A95E-D43210D64913}.Release|Any CPU.Build.0 = Release|Any CPU
		{42EACD99-C496-4016-9D37-B3E73D721FEC}.Debug|Any CPU.ActiveCfg = Debug|Any CPU
		{42EACD99-C496-4016-9D37-B3E73D721FEC}.Debug|Any CPU.Build.0 = Debug|Any CPU
		{42EACD99-C496-4016-9D37-B3E73D721FEC}.Release|Any CPU.ActiveCfg = Release|Any CPU
		{42EACD99-C496-4016-9D37-B3E73D721FEC}.Release|Any CPU.Build.0 = Release|Any CPU
		{A92280B1-6C6D-4BE2-9B18-B1828D3C23AE}.Debug|Any CPU.ActiveCfg = Debug|Any CPU
		{A92280B1-6C6D-4BE2-9B18-B1828D3C23AE}.Debug|Any CPU.Build.0 = Debug|Any CPU
		{A92280B1-6C6D-4BE2-9B18-B1828D3C23AE}.Debug|Any CPU.Deploy.0 = Debug|Any CPU
		{A92280B1-6C6D-4BE2-9B18-B1828D3C23AE}.Release|Any CPU.ActiveCfg = Release|Any CPU
		{A92280B1-6C6D-4BE2-9B18-B1828D3C23AE}.Release|Any CPU.Build.0 = Release|Any CPU
		{A92280B1-6C6D-4BE2-9B18-B1828D3C23AE}.Release|Any CPU.Deploy.0 = Release|Any CPU
		{824945BA-1848-4EDD-9BD0-1E1A12B7D26D}.Debug|Any CPU.ActiveCfg = Debug|Any CPU
		{824945BA-1848-4EDD-9BD0-1E1A12B7D26D}.Debug|Any CPU.Build.0 = Debug|Any CPU
		{824945BA-1848-4EDD-9BD0-1E1A12B7D26D}.Release|Any CPU.ActiveCfg = Release|Any CPU
		{824945BA-1848-4EDD-9BD0-1E1A12B7D26D}.Release|Any CPU.Build.0 = Release|Any CPU
	EndGlobalSection
	GlobalSection(SolutionProperties) = preSolution
		HideSolutionNode = FALSE
	EndGlobalSection
	GlobalSection(ExtensibilityGlobals) = postSolution
		SolutionGuid = {C0A281DC-EBE1-49C6-8C4E-20CD12862892}
	EndGlobalSection
EndGlobal
